
Microsoft Visual Studio Solution File, Format Version 12.00
# Visual Studio Version 16
VisualStudioVersion = 16.0.30717.126
MinimumVisualStudioVersion = 10.0.40219.1
Project("{FAE04EC0-301F-11D3-BF4B-00C04F79EFBC}") = "Allbooms v1", "Allbooms v1\Allbooms v1.csproj", "{7B850BE8-BC5B-4DB4-A7AE-A12A3C8387B5}"
EndProject
Project("{FAE04EC0-301F-11D3-BF4B-00C04F79EFBC}") = "CassandraDataLayer", "CassandraDataLayer\CassandraDataLayer.csproj", "{B5EE41BE-83B4-410C-AF30-12CCDEBA3A6E}"
EndProject
Global
	GlobalSection(SolutionConfigurationPlatforms) = preSolution
		Debug|Any CPU = Debug|Any CPU
		Release|Any CPU = Release|Any CPU
	EndGlobalSection
	GlobalSection(ProjectConfigurationPlatforms) = postSolution
		{7B850BE8-BC5B-4DB4-A7AE-A12A3C8387B5}.Debug|Any CPU.ActiveCfg = Debug|Any CPU
		{7B850BE8-BC5B-4DB4-A7AE-A12A3C8387B5}.Debug|Any CPU.Build.0 = Debug|Any CPU
		{7B850BE8-BC5B-4DB4-A7AE-A12A3C8387B5}.Release|Any CPU.ActiveCfg = Release|Any CPU
		{7B850BE8-BC5B-4DB4-A7AE-A12A3C8387B5}.Release|Any CPU.Build.0 = Release|Any CPU
		{B5EE41BE-83B4-410C-AF30-12CCDEBA3A6E}.Debug|Any CPU.ActiveCfg = Debug|Any CPU
		{B5EE41BE-83B4-410C-AF30-12CCDEBA3A6E}.Debug|Any CPU.Build.0 = Debug|Any CPU
		{B5EE41BE-83B4-410C-AF30-12CCDEBA3A6E}.Release|Any CPU.ActiveCfg = Release|Any CPU
		{B5EE41BE-83B4-410C-AF30-12CCDEBA3A6E}.Release|Any CPU.Build.0 = Release|Any CPU
	EndGlobalSection
	GlobalSection(SolutionProperties) = preSolution
		HideSolutionNode = FALSE
	EndGlobalSection
	GlobalSection(ExtensibilityGlobals) = postSolution
		SolutionGuid = {1C208C94-6FAD-4DAA-A672-6F0A230BCF86}
	EndGlobalSection
EndGlobal
